
Microsoft Visual Studio Solution File, Format Version 12.00
# Visual Studio 2013
VisualStudioVersion = 12.0.21005.1
MinimumVisualStudioVersion = 10.0.40219.1
Project("{FAE04EC0-301F-11D3-BF4B-00C04F79EFBC}") = "vue-study-server", "vue-study-server\vue-study-server.csproj", "{98866031-38E9-4295-83CF-54CFEB08144A}"
EndProject
Global
	GlobalSection(SolutionConfigurationPlatforms) = preSolution
		Debug|Any CPU = Debug|Any CPU
		Release|Any CPU = Release|Any CPU
	EndGlobalSection
	GlobalSection(ProjectConfigurationPlatforms) = postSolution
		{98866031-38E9-4295-83CF-54CFEB08144A}.Debug|Any CPU.ActiveCfg = Debug|Any CPU
		{98866031-38E9-4295-83CF-54CFEB08144A}.Debug|Any CPU.Build.0 = Debug|Any CPU
		{98866031-38E9-4295-83CF-54CFEB08144A}.Release|Any CPU.ActiveCfg = Release|Any CPU
		{98866031-38E9-4295-83CF-54CFEB08144A}.Release|Any CPU.Build.0 = Release|Any CPU
	EndGlobalSection
	GlobalSection(SolutionProperties) = preSolution
		HideSolutionNode = FALSE
	EndGlobalSection
EndGlobal
